github.com/mattn/go-sqlite3 v2.0.3+incompatible h1:gXHsfypPkaMZrKbD5209QV9jbUTJKjyR5WD3HYQSd+U=
github.com/mattn/go-sqlite3 v2.0.3+incompatible/go.mod h1:FPy6KqzDD04eiIsT53CuJW3U88zkxoIYsOqkbpncsNc=
golang.org/x/sys v0.0.0-20201013132646-2da7054afaeb h1:HS9IzC4UFbpMBLQUDSQcU+ViVT1vdFCQVjdPVpTlZrs=
golang.org/x/sys v0.0.0-20201013132646-2da7054afaeb/go.mod h1:h1NjWce9XRLGQEsW7wpKNCjG9DtNlClVuFLEZdDNbEs=
